
Microsoft Visual Studio Solution File, Format Version 12.00
# Visual Studio 15
Project("{FAE04EC0-301F-11D3-BF4B-00C04F79EFBC}") = "Assembly-CSharp", "Assembly-CSharp.csproj", "{99DDFD07-23CE-86DA-08A5-BDFB15BDABDA}"
EndProject
Project("{FAE04EC0-301F-11D3-BF4B-00C04F79EFBC}") = "Assembly-CSharp-Editor", "Assembly-CSharp-Editor.csproj", "{D85F0004-E4C2-7B1B-1825-94BF1552C496}"
EndProject
Global
	GlobalSection(SolutionConfigurationPlatforms) = preSolution
		Debug|Any CPU = Debug|Any CPU
		Release|Any CPU = Release|Any CPU
	EndGlobalSection
	GlobalSection(ProjectConfigurationPlatforms) = postSolution
		{99DDFD07-23CE-86DA-08A5-BDFB15BDABDA}.Debug|Any CPU.ActiveCfg = Debug|Any CPU
		{99DDFD07-23CE-86DA-08A5-BDFB15BDABDA}.Debug|Any CPU.Build.0 = Debug|Any CPU
		{99DDFD07-23CE-86DA-08A5-BDFB15BDABDA}.Release|Any CPU.ActiveCfg = Release|Any CPU
		{99DDFD07-23CE-86DA-08A5-BDFB15BDABDA}.Release|Any CPU.Build.0 = Release|Any CPU
		{D85F0004-E4C2-7B1B-1825-94BF1552C496}.Debug|Any CPU.ActiveCfg = Debug|Any CPU
		{D85F0004-E4C2-7B1B-1825-94BF1552C496}.Debug|Any CPU.Build.0 = Debug|Any CPU
		{D85F0004-E4C2-7B1B-1825-94BF1552C496}.Release|Any CPU.ActiveCfg = Release|Any CPU
		{D85F0004-E4C2-7B1B-1825-94BF1552C496}.Release|Any CPU.Build.0 = Release|Any CPU
	EndGlobalSection
	GlobalSection(SolutionProperties) = preSolution
		HideSolutionNode = FALSE
	EndGlobalSection
EndGlobal
